{
  "name": "bs-map-suggester",
  "lockfileVersion": 3,
  "requires": true,
  "packages": {
    "": {
      "devDependencies": {
        "tailwindcss-motion": "^1.1.0"
      }
    },
    "node_modules/tailwindcss": {
      "version": "4.1.4",
      "resolved": "https://registry.npmjs.org/tailwindcss/-/tailwindcss-4.1.4.tgz",
      "integrity": "sha512-1ZIUqtPITFbv/DxRmDr5/agPqJwF69d24m9qmM1939TJehgY539CtzeZRjbLt5G6fSy/7YqqYsfvoTEw9xUI2A==",
      "dev": true,
      "peer": true
    },
    "node_modules/tailwindcss-motion": {
      "version": "1.1.0",
      "resolved": "https://registry.npmjs.org/tailwindcss-motion/-/tailwindcss-motion-1.1.0.tgz",
      "integrity": "sha512-0lK6rA4+367ffJdi1TtB72GlMCxJi2TP/xRiHc6An5pZSlU6WfIHhSvLxpcGilGZfBrOqc2q4woH1DEP/lCNbQ==",
      "dev": true,
      "peerDependencies": {
        "tailwindcss": ">=3.0.0 || insiders"
      }
    }
  }
}
